# THIS IS AN AUTOGENERATED FILE. DO NOT EDIT THIS FILE DIRECTLY.
# yarn lockfile v1


"@types/node@*":
  version "13.1.1"
  resolved "https://registry.yarnpkg.com/@types/node/-/node-13.1.1.tgz#6d11a8c2d58405b3db9388ab740106cbfa64c3c9"
  integrity sha512-hx6zWtudh3Arsbl3cXay+JnkvVgCKzCWKv42C9J01N2T2np4h8w5X8u6Tpz5mj38kE3M9FM0Pazx8vKFFMnjLQ==

"@types/ws@^6.0.4":
  version "6.0.4"
  resolved "https://registry.yarnpkg.com/@types/ws/-/ws-6.0.4.tgz#7797707c8acce8f76d8c34b370d4645b70421ff1"
  integrity sha512-PpPrX7SZW9re6+Ha8ojZG4Se8AZXgf0GK6zmfqEuCsY49LFDNXO3SByp44X3dFEqtB73lkCDAdUazhAjVPiNwg==
  dependencies:
    "@types/node" "*"

typescript@^3.7.4:
  version "3.7.4"
  resolved "https://registry.yarnpkg.com/typescript/-/typescript-3.7.4.tgz#1743a5ec5fef6a1fa9f3e4708e33c81c73876c19"
  integrity sha512-A25xv5XCtarLwXpcDNZzCGvW2D1S3/bACratYBx2sax8PefsFhlYmkQicKHvpYflFS8if4zne5zT5kpJ7pzuvw==

ws@^7.4.6:
  version "7.4.6"
  resolved "https://registry.yarnpkg.com/ws/-/ws-7.4.6.tgz#5654ca8ecdeee47c33a9a4bf6d28e2be2980377c"
  integrity sha512-YmhHDO4MzaDLB+M9ym/mDA5z0naX8j7SIlT8f8z+I0VtzsRbekxEutHSme7NPS2qE8StCYQNUnfWdXta/Yu85A==
